
Microsoft Visual Studio Solution File, Format Version 12.00
# Visual Studio Version 17
VisualStudioVersion = 17.5.33516.290
MinimumVisualStudioVersion = 10.0.40219.1
Project("{9A19103F-16F7-4668-BE54-9A1E7A4F7556}") = "Northwind.Common.EntityModels.Sqlite", "Northwind.Common.EntityModels.Sqlite\Northwind.Common.EntityModels.Sqlite.csproj", "{E3721618-A8DD-4D62-9E72-F61BC55FDE24}"
EndProject
Project("{9A19103F-16F7-4668-BE54-9A1E7A4F7556}") = "Northwind.Common.DataContext.Sqlite", "Northwind.Common.DataContext.Sqlite\Northwind.Common.DataContext.Sqlite.csproj", "{E6670BBC-6DE1-473C-B881-0CEE82CB44D7}"
EndProject
Project("{FAE04EC0-301F-11D3-BF4B-00C04F79EFBC}") = "Northwind.Common.EntityModels.SqlServer", "Northwind.Common.EntityModels.SqlServer\Northwind.Common.EntityModels.SqlServer.csproj", "{E23D344D-5444-4C05-9FD6-1E8BE631146B}"
EndProject
Project("{FAE04EC0-301F-11D3-BF4B-00C04F79EFBC}") = "Northwind.Common.DataContext.SqlServer", "Northwind.Common.DataContext.SqlServer\Northwind.Common.DataContext.SqlServer.csproj", "{5A4D60DA-F095-4A87-B7CC-996233C16A32}"
EndProject
Global
	GlobalSection(SolutionConfigurationPlatforms) = preSolution
		Debug|Any CPU = Debug|Any CPU
		Release|Any CPU = Release|Any CPU
	EndGlobalSection
	GlobalSection(ProjectConfigurationPlatforms) = postSolution
		{E3721618-A8DD-4D62-9E72-F61BC55FDE24}.Debug|Any CPU.ActiveCfg = Debug|Any CPU
		{E3721618-A8DD-4D62-9E72-F61BC55FDE24}.Debug|Any CPU.Build.0 = Debug|Any CPU
		{E3721618-A8DD-4D62-9E72-F61BC55FDE24}.Release|Any CPU.ActiveCfg = Release|Any CPU
		{E3721618-A8DD-4D62-9E72-F61BC55FDE24}.Release|Any CPU.Build.0 = Release|Any CPU
		{E6670BBC-6DE1-473C-B881-0CEE82CB44D7}.Debug|Any CPU.ActiveCfg = Debug|Any CPU
		{E6670BBC-6DE1-473C-B881-0CEE82CB44D7}.Debug|Any CPU.Build.0 = Debug|Any CPU
		{E6670BBC-6DE1-473C-B881-0CEE82CB44D7}.Release|Any CPU.ActiveCfg = Release|Any CPU
		{E6670BBC-6DE1-473C-B881-0CEE82CB44D7}.Release|Any CPU.Build.0 = Release|Any CPU
		{E23D344D-5444-4C05-9FD6-1E8BE631146B}.Debug|Any CPU.ActiveCfg = Debug|Any CPU
		{E23D344D-5444-4C05-9FD6-1E8BE631146B}.Debug|Any CPU.Build.0 = Debug|Any CPU
		{E23D344D-5444-4C05-9FD6-1E8BE631146B}.Release|Any CPU.ActiveCfg = Release|Any CPU
		{E23D344D-5444-4C05-9FD6-1E8BE631146B}.Release|Any CPU.Build.0 = Release|Any CPU
		{5A4D60DA-F095-4A87-B7CC-996233C16A32}.Debug|Any CPU.ActiveCfg = Debug|Any CPU
		{5A4D60DA-F095-4A87-B7CC-996233C16A32}.Debug|Any CPU.Build.0 = Debug|Any CPU
		{5A4D60DA-F095-4A87-B7CC-996233C16A32}.Release|Any CPU.ActiveCfg = Release|Any CPU
		{5A4D60DA-F095-4A87-B7CC-996233C16A32}.Release|Any CPU.Build.0 = Release|Any CPU
	EndGlobalSection
	GlobalSection(SolutionProperties) = preSolution
		HideSolutionNode = FALSE
	EndGlobalSection
	GlobalSection(ExtensibilityGlobals) = postSolution
		SolutionGuid = {23A6E9C4-84F1-4C91-8FE7-6A01403720C1}
	EndGlobalSection
EndGlobal
